<?xml version="1.0" encoding="utf-8"?>
<Project ToolsVersion="4.0" xmlns="http://schemas.microsoft.com/developer/msbuild/2003">
  <ItemGroup>
    <Filter Include="Source Files">
      <UniqueIdentifier>{0a746b67-f861-4fef-acf2-46e30bbce0e2}</UniqueIdentifier>
      <Extensions>cpp;c;cxx;rc;def;r;odl;idl;hpj;bat</Extensions>
    </Filter>
    <Filter Include="Header Files">
      <UniqueIdentifier>{03a6bf0c-6f06-4100-8c09-b055eb85525d}</UniqueIdentifier>
      <Extensions>h;hpp;hxx;hm;inl</Extensions>
    </Filter>
    <Filter Include="Global">
      <UniqueIdentifier>{88554da2-dbb3-40b3-b289-47d5e2b689e5}</UniqueIdentifier>
    </Filter>
  </ItemGroup>
  <ItemGroup>
    <ClCompile Include="Acceptor.cpp">
      <Filter>Source Files</Filter>
    </ClCompile>
    <ClCompile Include="IOCPServer.cpp">
      <Filter>Source Files</Filter>
    </ClCompile>
    <ClCompile Include="IoHandler.cpp">
      <Filter>Source Files</Filter>
    </ClCompile>
    <ClCompile Include="MsWinsockUtil.cpp">
      <Filter>Source Files</Filter>
    </ClCompile>
    <ClCompile Include="RecvBuffer.cpp">
      <Filter>Source Files</Filter>
    </ClCompile>
    <ClCompile Include="SendBuffer.cpp">
      <Filter>Source Files</Filter>
    </ClCompile>
    <ClCompile Include="ServerSocket.cpp">
      <Filter>Source Files</Filter>
    </ClCompile>
    <ClCompile Include="Session.cpp">
      <Filter>Source Files</Filter>
    </ClCompile>
    <ClCompile Include="SessionList.cpp">
      <Filter>Source Files</Filter>
    </ClCompile>
    <ClCompile Include="SessionPool.cpp">
      <Filter>Source Files</Filter>
    </ClCompile>
    <ClCompile Include="SSocket.cpp">
      <Filter>Source Files</Filter>
    </ClCompile>
  </ItemGroup>
  <ItemGroup>
    <ClInclude Include="Acceptor.h">
      <Filter>Header Files</Filter>
    </ClInclude>
    <ClInclude Include="CircuitQueue.h">
      <Filter>Header Files</Filter>
    </ClInclude>
    <ClInclude Include="EncryptServer.h">
      <Filter>Header Files</Filter>
    </ClInclude>
    <ClInclude Include="IOCPServer.h">
      <Filter>Header Files</Filter>
    </ClInclude>
    <ClInclude Include="IoHandler.h">
      <Filter>Header Files</Filter>
    </ClInclude>
    <ClInclude Include="MsWinsockUtil.h">
      <Filter>Header Files</Filter>
    </ClInclude>
    <ClInclude Include="NetBase.h">
      <Filter>Header Files</Filter>
    </ClInclude>
    <ClInclude Include="RecvBuffer.h">
      <Filter>Header Files</Filter>
    </ClInclude>
    <ClInclude Include="SendBuffer.h">
      <Filter>Header Files</Filter>
    </ClInclude>
    <ClInclude Include="ServerSocket.h">
      <Filter>Header Files</Filter>
    </ClInclude>
    <ClInclude Include="Session.h">
      <Filter>Header Files</Filter>
    </ClInclude>
    <ClInclude Include="SessionList.h">
      <Filter>Header Files</Filter>
    </ClInclude>
    <ClInclude Include="SessionPool.h">
      <Filter>Header Files</Filter>
    </ClInclude>
    <ClInclude Include="SSocket.h">
      <Filter>Header Files</Filter>
    </ClInclude>
    <ClInclude Include="..\..\Include\DatabaseDefine.h">
      <Filter>Global</Filter>
    </ClInclude>
    <ClInclude Include="..\..\Include\Global.h">
      <Filter>Global</Filter>
    </ClInclude>
    <ClInclude Include="..\..\Include\GlobalConstDef.h">
      <Filter>Global</Filter>
    </ClInclude>
    <ClInclude Include="..\..\Include\GlobalEnumDef.h">
      <Filter>Global</Filter>
    </ClInclude>
    <ClInclude Include="..\..\Include\GlobalFuction.h">
      <Filter>Global</Filter>
    </ClInclude>
    <ClInclude Include="..\..\Include\GlobalStructDef.h">
      <Filter>Global</Filter>
    </ClInclude>
    <ClInclude Include="..\..\Include\RelationMsgTransform.h">
      <Filter>Global</Filter>
    </ClInclude>
    <ClInclude Include="..\share\define.h">
      <Filter>Header Files</Filter>
    </ClInclude>
    <ClInclude Include="..\share\I_Shell.h">
      <Filter>Header Files</Filter>
    </ClInclude>
    <ClInclude Include="..\share\protocol.h">
      <Filter>Header Files</Filter>
    </ClInclude>
  </ItemGroup>
</Project>